
Microsoft Visual Studio Solution File, Format Version 12.00
# Visual Studio Version 16
VisualStudioVersion = 16.0.29020.237
MinimumVisualStudioVersion = 10.0.40219.1
Project("{FAE04EC0-301F-11D3-BF4B-00C04F79EFBC}") = "SalesWebMvc", "SalesWebMvc\SalesWebMvc.csproj", "{0314E176-B8E8-4F52-9741-35F20C413540}"
EndProject
Global
	GlobalSection(SolutionConfigurationPlatforms) = preSolution
		Debug|Any CPU = Debug|Any CPU
		Release|Any CPU = Release|Any CPU
	EndGlobalSection
	GlobalSection(ProjectConfigurationPlatforms) = postSolution
		{0314E176-B8E8-4F52-9741-35F20C413540}.Debug|Any CPU.ActiveCfg = Debug|Any CPU
		{0314E176-B8E8-4F52-9741-35F20C413540}.Debug|Any CPU.Build.0 = Debug|Any CPU
		{0314E176-B8E8-4F52-9741-35F20C413540}.Release|Any CPU.ActiveCfg = Release|Any CPU
		{0314E176-B8E8-4F52-9741-35F20C413540}.Release|Any CPU.Build.0 = Release|Any CPU
	EndGlobalSection
	GlobalSection(SolutionProperties) = preSolution
		HideSolutionNode = FALSE
	EndGlobalSection
	GlobalSection(ExtensibilityGlobals) = postSolution
		SolutionGuid = {770FE987-A0A3-4754-9EDE-809EB8FE4AA8}
	EndGlobalSection
EndGlobal
